// !$*UTF8*$!
{
	archiveVersion = 1;
	classes = {
	};
	objectVersion = 50;
	objects = {

/* Begin PBXBuildFile section */
		6419364C271A14CA00F21DA9 /* ViewControllerHabito7.swift in Sources */ = {isa = PBXBuildFile; fileRef = 6419364B271A14CA00F21DA9 /* ViewControllerHabito7.swift */; };
		64A422052719399300E582B4 /* ViewControllerHabito5.swift in Sources */ = {isa = PBXBuildFile; fileRef = 64A422042719399300E582B4 /* ViewControllerHabito5.swift */; };
		A3B12AC92717DC1200C85B76 /* AppDelegate.swift in Sources */ = {isa = PBXBuildFile; fileRef = A3B12AC82717DC1200C85B76 /* AppDelegate.swift */; };
		A3B12ACB2717DC1200C85B76 /* SceneDelegate.swift in Sources */ = {isa = PBXBuildFile; fileRef = A3B12ACA2717DC1200C85B76 /* SceneDelegate.swift */; };
		A3B12ACD2717DC1200C85B76 /* ViewController.swift in Sources */ = {isa = PBXBuildFile; fileRef = A3B12ACC2717DC1200C85B76 /* ViewController.swift */; };
		A3B12AD02717DC1200C85B76 /* Main.storyboard in Resources */ = {isa = PBXBuildFile; fileRef = A3B12ACE2717DC1200C85B76 /* Main.storyboard */; };
		A3B12AD22717DC1300C85B76 /* Assets.xcassets in Resources */ = {isa = PBXBuildFile; fileRef = A3B12AD12717DC1300C85B76 /* Assets.xcassets */; };
		A3B12AD52717DC1300C85B76 /* LaunchScreen.storyboard in Resources */ = {isa = PBXBuildFile; fileRef = A3B12AD32717DC1300C85B76 /* LaunchScreen.storyboard */; };
		A3B12ADE2717DCF300C85B76 /* SetUpViewController.swift in Sources */ = {isa = PBXBuildFile; fileRef = A3B12ADD2717DCF300C85B76 /* SetUpViewController.swift */; };
		A3B12AE12717ECCF00C85B76 /* Habito.swift in Sources */ = {isa = PBXBuildFile; fileRef = A3B12AE02717ECCF00C85B76 /* Habito.swift */; };
/* End PBXBuildFile section */

/* Begin PBXFileReference section */
		6419364B271A14CA00F21DA9 /* ViewControllerHabito7.swift */ = {isa = PBXFileReference; lastKnownFileType = sourcecode.swift; name = ViewControllerHabito7.swift; path = saludHabits/ViewControllerHabito7.swift; sourceTree = "<group>"; };
		64A422042719399300E582B4 /* ViewControllerHabito5.swift */ = {isa = PBXFileReference; lastKnownFileType = sourcecode.swift; name = ViewControllerHabito5.swift; path = saludHabits/ViewControllerHabito5.swift; sourceTree = SOURCE_ROOT; };
		A3B12AC52717DC1200C85B76 /* SaludHabits.app */ = {isa = PBXFileReference; explicitFileType = wrapper.application; includeInIndex = 0; path = SaludHabits.app; sourceTree = BUILT_PRODUCTS_DIR; };
		A3B12AC82717DC1200C85B76 /* AppDelegate.swift */ = {isa = PBXFileReference; lastKnownFileType = sourcecode.swift; path = AppDelegate.swift; sourceTree = "<group>"; };
		A3B12ACA2717DC1200C85B76 /* SceneDelegate.swift */ = {isa = PBXFileReference; lastKnownFileType = sourcecode.swift; path = SceneDelegate.swift; sourceTree = "<group>"; };
		A3B12ACC2717DC1200C85B76 /* ViewController.swift */ = {isa = PBXFileReference; lastKnownFileType = sourcecode.swift; path = ViewController.swift; sourceTree = "<group>"; };
		A3B12ACF2717DC1200C85B76 /* Base */ = {isa = PBXFileReference; lastKnownFileType = file.storyboard; name = Base; path = Base.lproj/Main.storyboard; sourceTree = "<group>"; };
		A3B12AD12717DC1300C85B76 /* Assets.xcassets */ = {isa = PBXFileReference; lastKnownFileType = folder.assetcatalog; path = Assets.xcassets; sourceTree = "<group>"; };
		A3B12AD42717DC1300C85B76 /* Base */ = {isa = PBXFileReference; lastKnownFileType = file.storyboard; name = Base; path = Base.lproj/LaunchScreen.storyboard; sourceTree = "<group>"; };
		A3B12AD62717DC1300C85B76 /* Info.plist */ = {isa = PBXFileReference; lastKnownFileType = text.plist.xml; path = Info.plist; sourceTree = "<group>"; };
		A3B12ADD2717DCF300C85B76 /* SetUpViewController.swift */ = {isa = PBXFileReference; lastKnownFileType = sourcecode.swift; path = SetUpViewController.swift; sourceTree = "<group>"; };
		A3B12AE02717ECCF00C85B76 /* Habito.swift */ = {isa = PBXFileReference; lastKnownFileType = sourcecode.swift; path = Habito.swift; sourceTree = "<group>"; };
/* End PBXFileReference section */

/* Begin PBXFrameworksBuildPhase section */
		A3B12AC22717DC1200C85B76 /* Frameworks */ = {
			isa = PBXFrameworksBuildPhase;
			buildActionMask = 2147483647;
			files = (
			);
			runOnlyForDeploymentPostprocessing = 0;
		};
/* End PBXFrameworksBuildPhase section */

/* Begin PBXGroup section */
		A3B12ABC2717DC1200C85B76 = {
			isa = PBXGroup;
			children = (
				6419364B271A14CA00F21DA9 /* ViewControllerHabito7.swift */,
				A3B12AC72717DC1200C85B76 /* SaludHabits */,
				A3B12AC62717DC1200C85B76 /* Products */,
			);
			sourceTree = "<group>";
		};
		A3B12AC62717DC1200C85B76 /* Products */ = {
			isa = PBXGroup;
			children = (
				A3B12AC52717DC1200C85B76 /* SaludHabits.app */,
			);
			name = Products;
			sourceTree = "<group>";
		};
		A3B12AC72717DC1200C85B76 /* SaludHabits */ = {
			isa = PBXGroup;
			children = (
				A3B12AC82717DC1200C85B76 /* AppDelegate.swift */,
				A3B12ACA2717DC1200C85B76 /* SceneDelegate.swift */,
				A3B12ACC2717DC1200C85B76 /* ViewController.swift */,
				A3B12ACE2717DC1200C85B76 /* Main.storyboard */,
				64A422042719399300E582B4 /* ViewControllerHabito5.swift */,
				A3B12AE02717ECCF00C85B76 /* Habito.swift */,
				A3B12ADD2717DCF300C85B76 /* SetUpViewController.swift */,
				A3B12AD12717DC1300C85B76 /* Assets.xcassets */,
				A3B12AD32717DC1300C85B76 /* LaunchScreen.storyboard */,
				A3B12AD62717DC1300C85B76 /* Info.plist */,
			);
			path = SaludHabits;
			sourceTree = "<group>";
		};
/* End PBXGroup section */

/* Begin PBXNativeTarget section */
		A3B12AC42717DC1200C85B76 /* SaludHabits */ = {
			isa = PBXNativeTarget;
			buildConfigurationList = A3B12AD92717DC1300C85B76 /* Build configuration list for PBXNativeTarget "SaludHabits" */;
			buildPhases = (
				A3B12AC12717DC1200C85B76 /* Sources */,
				A3B12AC22717DC1200C85B76 /* Frameworks */,
				A3B12AC32717DC1200C85B76 /* Resources */,
			);
			buildRules = (
			);
			dependencies = (
			);
			name = SaludHabits;
			productName = SaludHabits;
			productReference = A3B12AC52717DC1200C85B76 /* SaludHabits.app */;
			productType = "com.apple.product-type.application";
		};
/* End PBXNativeTarget section */

/* Begin PBXProject section */
		A3B12ABD2717DC1200C85B76 /* Project object */ = {
			isa = PBXProject;
			attributes = {
				LastSwiftUpdateCheck = 1240;
				LastUpgradeCheck = 1240;
				TargetAttributes = {
					A3B12AC42717DC1200C85B76 = {
						CreatedOnToolsVersion = 12.4;
					};
				};
			};
			buildConfigurationList = A3B12AC02717DC1200C85B76 /* Build configuration list for PBXProject "saludHabits" */;
			compatibilityVersion = "Xcode 9.3";
			developmentRegion = en;
			hasScannedForEncodings = 0;
			knownRegions = (
				en,
				Base,
			);
			mainGroup = A3B12ABC2717DC1200C85B76;
			productRefGroup = A3B12AC62717DC1200C85B76 /* Products */;
			projectDirPath = "";
			projectRoot = "";
			targets = (
				A3B12AC42717DC1200C85B76 /* SaludHabits */,
			);
		};
/* End PBXProject section */

/* Begin PBXResourcesBuildPhase section */
		A3B12AC32717DC1200C85B76 /* Resources */ = {
			isa = PBXResourcesBuildPhase;
			buildActionMask = 2147483647;
			files = (
				A3B12AD52717DC1300C85B76 /* LaunchScreen.storyboard in Resources */,
				A3B12AD22717DC1300C85B76 /* Assets.xcassets in Resources */,
				A3B12AD02717DC1200C85B76 /* Main.storyboard in Resources */,
			);
			runOnlyForDeploymentPostprocessing = 0;
		};
/* End PBXResourcesBuildPhase section */

/* Begin PBXSourcesBuildPhase section */
		A3B12AC12717DC1200C85B76 /* Sources */ = {
			isa = PBXSourcesBuildPhase;
			buildActionMask = 2147483647;
			files = (
				A3B12ADE2717DCF300C85B76 /* SetUpViewController.swift in Sources */,
				A3B12AE12717ECCF00C85B76 /* Habito.swift in Sources */,
				A3B12ACD2717DC1200C85B76 /* ViewController.swift in Sources */,
				64A422052719399300E582B4 /* ViewControllerHabito5.swift in Sources */,
				A3B12AC92717DC1200C85B76 /* AppDelegate.swift in Sources */,
				6419364C271A14CA00F21DA9 /* ViewControllerHabito7.swift in Sources */,
				A3B12ACB2717DC1200C85B76 /* SceneDelegate.swift in Sources */,
			);
			runOnlyForDeploymentPostprocessing = 0;
		};
/* End PBXSourcesBuildPhase section */

/* Begin PBXVariantGroup section */
		A3B12ACE2717DC1200C85B76 /* Main.storyboard */ = {
			isa = PBXVariantGroup;
			children = (
				A3B12ACF2717DC1200C85B76 /* Base */,
			);
			name = Main.storyboard;
			sourceTree = "<group>";
		};
		A3B12AD32717DC1300C85B76 /* LaunchScreen.storyboard */ = {
			isa = PBXVariantGroup;
			children = (
				A3B12AD42717DC1300C85B76 /* Base */,
			);
			name = LaunchScreen.storyboard;
			sourceTree = "<group>";
		};
/* End PBXVariantGroup section */

/* Begin XCBuildConfiguration section */
		A3B12AD72717DC1300C85B76 /* Debug */ = {
			isa = XCBuildConfiguration;
			buildSettings = {
				ALWAYS_SEARCH_USER_PATHS = NO;
				CLANG_ANALYZER_NONNULL = YES;
				CLANG_ANALYZER_NUMBER_OBJECT_CONVERSION = YES_AGGRESSIVE;
				CLANG_CXX_LANGUAGE_STANDARD = "gnu++14";
				CLANG_CXX_LIBRARY = "libc++";
				CLANG_ENABLE_MODULES = YES;
				CLANG_ENABLE_OBJC_ARC = YES;
				CLANG_ENABLE_OBJC_WEAK = YES;
				CLANG_WARN_BLOCK_CAPTURE_AUTORELEASING = YES;
				CLANG_WARN_BOOL_CONVERSION = YES;
				CLANG_WARN_COMMA = YES;
				CLANG_WARN_CONSTANT_CONVERSION = YES;
				CLANG_WARN_DEPRECATED_OBJC_IMPLEMENTATIONS = YES;
				CLANG_WARN_DIRECT_OBJC_ISA_USAGE = YES_ERROR;
				CLANG_WARN_DOCUMENTATION_COMMENTS = YES;
				CLANG_WARN_EMPTY_BODY = YES;
				CLANG_WARN_ENUM_CONVERSION = YES;
				CLANG_WARN_INFINITE_RECURSION = YES;
				CLANG_WARN_INT_CONVERSION = YES;
				CLANG_WARN_NON_LITERAL_NULL_CONVERSION = YES;
				CLANG_WARN_OBJC_IMPLICIT_RETAIN_SELF = YES;
				CLANG_WARN_OBJC_LITERAL_CONVERSION = YES;
				CLANG_WARN_OBJC_ROOT_CLASS = YES_ERROR;
				CLANG_WARN_QUOTED_INCLUDE_IN_FRAMEWORK_HEADER = YES;
				CLANG_WARN_RANGE_LOOP_ANALYSIS = YES;
				CLANG_WARN_STRICT_PROTOTYPES = YES;
				CLANG_WARN_SUSPICIOUS_MOVE = YES;
				CLANG_WARN_UNGUARDED_AVAILABILITY = YES_AGGRESSIVE;
				CLANG_WARN_UNREACHABLE_CODE = YES;
				CLANG_WARN__DUPLICATE_METHOD_MATCH = YES;
				COPY_PHASE_STRIP = NO;
				DEBUG_INFORMATION_FORMAT = dwarf;
				ENABLE_STRICT_OBJC_MSGSEND = YES;
				ENABLE_TESTABILITY = YES;
				GCC_C_LANGUAGE_STANDARD = gnu11;
				GCC_DYNAMIC_NO_PIC = NO;
				GCC_NO_COMMON_BLOCKS = YES;
				GCC_OPTIMIZATION_LEVEL = 0;
				GCC_PREPROCESSOR_DEFINITIONS = (
					"DEBUG=1",
					"$(inherited)",
				);
				GCC_WARN_64_TO_32_BIT_CONVERSION = YES;
				GCC_WARN_ABOUT_RETURN_TYPE = YES_ERROR;
				GCC_WARN_UNDECLARED_SELECTOR = YES;
				GCC_WARN_UNINITIALIZED_AUTOS = YES_AGGRESSIVE;
				GCC_WARN_UNUSED_FUNCTION = YES;
				GCC_WARN_UNUSED_VARIABLE = YES;
				IPHONEOS_DEPLOYMENT_TARGET = 14.4;
				MTL_ENABLE_DEBUG_INFO = INCLUDE_SOURCE;
				MTL_FAST_MATH = YES;
				ONLY_ACTIVE_ARCH = YES;
				SDKROOT = iphoneos;
				SWIFT_ACTIVE_COMPILATION_CONDITIONS = DEBUG;
				SWIFT_OPTIMIZATION_LEVEL = "-Onone";
			};
			name = Debug;
		};
		A3B12AD82717DC1300C85B76 /* Release */ = {
			isa = XCBuildConfiguration;
			buildSettings = {
				ALWAYS_SEARCH_USER_PATHS = NO;
				CLANG_ANALYZER_NONNULL = YES;
				CLANG_ANALYZER_NUMBER_OBJECT_CONVERSION = YES_AGGRESSIVE;
				CLANG_CXX_LANGUAGE_STANDARD = "gnu++14";
				CLANG_CXX_LIBRARY = "libc++";
				CLANG_ENABLE_MODULES = YES;
				CLANG_ENABLE_OBJC_ARC = YES;
				CLANG_ENABLE_OBJC_WEAK = YES;
				CLANG_WARN_BLOCK_CAPTURE_AUTORELEASING = YES;
				CLANG_WARN_BOOL_CONVERSION = YES;
				CLANG_WARN_COMMA = YES;
				CLANG_WARN_CONSTANT_CONVERSION = YES;
				CLANG_WARN_DEPRECATED_OBJC_IMPLEMENTATIONS = YES;
				CLANG_WARN_DIRECT_OBJC_ISA_USAGE = YES_ERROR;
				CLANG_WARN_DOCUMENTATION_COMMENTS = YES;
				CLANG_WARN_EMPTY_BODY = YES;
				CLANG_WARN_ENUM_CONVERSION = YES;
				CLANG_WARN_INFINITE_RECURSION = YES;
				CLANG_WARN_INT_CONVERSION = YES;
				CLANG_WARN_NON_LITERAL_NULL_CONVERSION = YES;
				CLANG_WARN_OBJC_IMPLICIT_RETAIN_SELF = YES;
				CLANG_WARN_OBJC_LITERAL_CONVERSION = YES;
				CLANG_WARN_OBJC_ROOT_CLASS = YES_ERROR;
				CLANG_WARN_QUOTED_INCLUDE_IN_FRAMEWORK_HEADER = YES;
				CLANG_WARN_RANGE_LOOP_ANALYSIS = YES;
				CLANG_WARN_STRICT_PROTOTYPES = YES;
				CLANG_WARN_SUSPICIOUS_MOVE = YES;
				CLANG_WARN_UNGUARDED_AVAILABILITY = YES_AGGRESSIVE;
				CLANG_WARN_UNREACHABLE_CODE = YES;
				CLANG_WARN__DUPLICATE_METHOD_MATCH = YES;
				COPY_PHASE_STRIP = NO;
				DEBUG_INFORMATION_FORMAT = "dwarf-with-dsym";
				ENABLE_NS_ASSERTIONS = NO;
				ENABLE_STRICT_OBJC_MSGSEND = YES;
				GCC_C_LANGUAGE_STANDARD = gnu11;
				GCC_NO_COMMON_BLOCKS = YES;
				GCC_WARN_64_TO_32_BIT_CONVERSION = YES;
				GCC_WARN_ABOUT_RETURN_TYPE = YES_ERROR;
				GCC_WARN_UNDECLARED_SELECTOR = YES;
				GCC_WARN_UNINITIALIZED_AUTOS = YES_AGGRESSIVE;
				GCC_WARN_UNUSED_FUNCTION = YES;
				GCC_WARN_UNUSED_VARIABLE = YES;
				IPHONEOS_DEPLOYMENT_TARGET = 14.4;
				MTL_ENABLE_DEBUG_INFO = NO;
				MTL_FAST_MATH = YES;
				SDKROOT = iphoneos;
				SWIFT_COMPILATION_MODE = wholemodule;
				SWIFT_OPTIMIZATION_LEVEL = "-O";
				VALIDATE_PRODUCT = YES;
			};
			name = Release;
		};
		A3B12ADA2717DC1300C85B76 /* Debug */ = {
			isa = XCBuildConfiguration;
			buildSettings = {
				ASSETCATALOG_COMPILER_APPICON_NAME = AppIcon;
				ASSETCATALOG_COMPILER_GLOBAL_ACCENT_COLOR_NAME = AccentColor;
				CODE_SIGN_STYLE = Automatic;
				INFOPLIST_FILE = SaludHabits/Info.plist;
				LD_RUNPATH_SEARCH_PATHS = (
					"$(inherited)",
					"@executable_path/Frameworks",
				);
				PRODUCT_BUNDLE_IDENTIFIER = ITESM.SaludHabits;
				PRODUCT_NAME = "$(TARGET_NAME)";
				SWIFT_VERSION = 5.0;
				TARGETED_DEVICE_FAMILY = "1,2";
			};
			name = Debug;
		};
		A3B12ADB2717DC1300C85B76 /* Release */ = {
			isa = XCBuildConfiguration;
			buildSettings = {
				ASSETCATALOG_COMPILER_APPICON_NAME = AppIcon;
				ASSETCATALOG_COMPILER_GLOBAL_ACCENT_COLOR_NAME = AccentColor;
				CODE_SIGN_STYLE = Automatic;
				INFOPLIST_FILE = SaludHabits/Info.plist;
				LD_RUNPATH_SEARCH_PATHS = (
					"$(inherited)",
					"@executable_path/Frameworks",
				);
				PRODUCT_BUNDLE_IDENTIFIER = ITESM.SaludHabits;
				PRODUCT_NAME = "$(TARGET_NAME)";
				SWIFT_VERSION = 5.0;
				TARGETED_DEVICE_FAMILY = "1,2";
			};
			name = Release;
		};
/* End XCBuildConfiguration section */

/* Begin XCConfigurationList section */
		A3B12AC02717DC1200C85B76 /* Build configuration list for PBXProject "saludHabits" */ = {
			isa = XCConfigurationList;
			buildConfigurations = (
				A3B12AD72717DC1300C85B76 /* Debug */,
				A3B12AD82717DC1300C85B76 /* Release */,
			);
			defaultConfigurationIsVisible = 0;
			defaultConfigurationName = Release;
		};
		A3B12AD92717DC1300C85B76 /* Build configuration list for PBXNativeTarget "SaludHabits" */ = {
			isa = XCConfigurationList;
			buildConfigurations = (
				A3B12ADA2717DC1300C85B76 /* Debug */,
				A3B12ADB2717DC1300C85B76 /* Release */,
			);
			defaultConfigurationIsVisible = 0;
			defaultConfigurationName = Release;
		};
/* End XCConfigurationList section */
	};
	rootObject = A3B12ABD2717DC1200C85B76 /* Project object */;
}
